{
  "nodes": {
    "darwin": {
      "inputs": {
        "nixpkgs": [
          "nixpkgs"
        ]
      },
      "locked": {
        "lastModified": 1684343812,
        "narHash": "sha256-ZTEjiC8PDKeP8JRchuwcFXUNlMcyQ4U+DpyVZ3pB6Q4=",
        "owner": "lnl7",
        "repo": "nix-darwin",
        "rev": "dfbdabbb3e797334172094d4f6c0ffca8c791281",
        "type": "github"
      },
      "original": {
        "owner": "lnl7",
        "repo": "nix-darwin",
        "type": "github"
      }
    },
    "home-manager": {
      "inputs": {
        "nixpkgs": [
          "nixpkgs"
        ]
      },
      "locked": {
        "lastModified": 1684741999,
        "narHash": "sha256-KZLKsFZ6cLjCdCNKZoT8bc1y+rYBuFgKatmIB38zqy4=",
        "owner": "nix-community",
        "repo": "home-manager",
        "rev": "ba006d7cca2cb871c6a31bdbc130c05cde5ca8e8",
        "type": "github"
      },
      "original": {
        "owner": "nix-community",
        "repo": "home-manager",
        "type": "github"
      }
    },
    "nixpkgs": {
      "locked": {
        "lastModified": 1684668519,
        "narHash": "sha256-KkVvlXTqdLLwko9Y0p1Xv6KQ9QTcQorrU098cGilb7c=",
        "owner": "nixos",
        "repo": "nixpkgs",
        "rev": "85340996ba67cc02f01ba324e18b1306892ed6f5",
        "type": "github"
      },
      "original": {
        "owner": "nixos",
        "ref": "nixpkgs-unstable",
        "repo": "nixpkgs",
        "type": "github"
      }
    },
    "nur": {
      "locked": {
        "lastModified": 1684755885,
        "narHash": "sha256-nm81eT3Bd4lnyoM4ZJenuEPVQWNwQqDsS1v5bgrFnDE=",
        "owner": "nix-community",
        "repo": "nur",
        "rev": "1ef9cd145b519027ac6161be3dbf5823401321b1",
        "type": "github"
      },
      "original": {
        "owner": "nix-community",
        "repo": "nur",
        "type": "github"
      }
    },
    "root": {
      "inputs": {
        "darwin": "darwin",
        "home-manager": "home-manager",
        "nixpkgs": "nixpkgs",
        "nur": "nur",
        "yabai": "yabai"
      }
    },
    "yabai": {
      "flake": false,
      "locked": {
        "lastModified": 1684692017,
        "narHash": "sha256-5LjUs9FNpq22ESLwGl2++dLVthHRI8Uup2+F/0jFS+s=",
        "owner": "koekeishiya",
        "repo": "yabai",
        "rev": "5de628055a52c535f8a1ec5509eec0bc65fa59f4",
        "type": "github"
      },
      "original": {
        "owner": "koekeishiya",
        "repo": "yabai",
        "type": "github"
      }
    }
  },
  "root": "root",
  "version": 7
}
