{
  "nodes": {
    "darwin": {
      "inputs": {
        "nixpkgs": [
          "nixpkgs"
        ]
      },
      "locked": {
        "lastModified": 1673295039,
        "narHash": "sha256-AsdYgE8/GPwcelGgrntlijMg4t3hLFJFCRF3tL5WVjA=",
        "owner": "lnl7",
        "repo": "nix-darwin",
        "rev": "87b9d090ad39b25b2400029c64825fc2a8868943",
        "type": "github"
      },
      "original": {
        "owner": "lnl7",
        "repo": "nix-darwin",
        "type": "github"
      }
    },
    "home-manager": {
      "inputs": {
        "nixpkgs": [
          "nixpkgs"
        ],
        "utils": "utils"
      },
      "locked": {
        "lastModified": 1673815682,
        "narHash": "sha256-zG7Rroki+89poCTr1D8BM/wTCl+DZJvU4IUE+5hxG7U=",
        "owner": "nix-community",
        "repo": "home-manager",
        "rev": "3e42035fc013ed4d8af6ee8dc0079c0c551c45a5",
        "type": "github"
      },
      "original": {
        "owner": "nix-community",
        "repo": "home-manager",
        "type": "github"
      }
    },
    "nixpkgs": {
      "locked": {
        "lastModified": 1673941530,
        "narHash": "sha256-JX35pyk9HlTOnJX+062R3QTU8HcujX4Nb1+Y9HyTMW0=",
        "owner": "nixos",
        "repo": "nixpkgs",
        "rev": "75718252aa8f347d73237cdf84266476ebbe2481",
        "type": "github"
      },
      "original": {
        "owner": "nixos",
        "ref": "master",
        "repo": "nixpkgs",
        "type": "github"
      }
    },
    "nur": {
      "locked": {
        "lastModified": 1673935396,
        "narHash": "sha256-AkimCjK8quWnfMTmSKORp2tCs1dAifJD1BEn3bYnS/w=",
        "owner": "nix-community",
        "repo": "nur",
        "rev": "7e9a5b42d68ca84a91e082ad325318e01456d2b5",
        "type": "github"
      },
      "original": {
        "owner": "nix-community",
        "repo": "nur",
        "type": "github"
      }
    },
    "root": {
      "inputs": {
        "darwin": "darwin",
        "home-manager": "home-manager",
        "nixpkgs": "nixpkgs",
        "nur": "nur",
        "yabai": "yabai"
      }
    },
    "utils": {
      "locked": {
        "lastModified": 1667395993,
        "narHash": "sha256-nuEHfE/LcWyuSWnS8t12N1wc105Qtau+/OdUAjtQ0rA=",
        "owner": "numtide",
        "repo": "flake-utils",
        "rev": "5aed5285a952e0b949eb3ba02c12fa4fcfef535f",
        "type": "github"
      },
      "original": {
        "owner": "numtide",
        "repo": "flake-utils",
        "type": "github"
      }
    },
    "yabai": {
      "flake": false,
      "locked": {
        "lastModified": 1673797477,
        "narHash": "sha256-0KaPCuv+v/xx7E6Rh2ZYJwZWQaf5wCfUKNm44S4vI+U=",
        "owner": "koekeishiya",
        "repo": "yabai",
        "rev": "147b356f0c4881157d1fb865c63b92f03c74ae48",
        "type": "github"
      },
      "original": {
        "owner": "koekeishiya",
        "repo": "yabai",
        "type": "github"
      }
    }
  },
  "root": "root",
  "version": 7
}
